PODS:
  - Alamofire (4.9.1)
  - ELSDK (0.9.0):
    - Alamofire
    - KDCalendar
    - MMKV
  - KDCalendar (1.8.2):
    - KDCalendar/EventManager (= 1.8.2)
  - KDCalendar/EventManager (1.8.2)
  - MMKV (1.0.23)

DEPENDENCIES:
  - ELSDK (from `../`)

SPEC REPOS:
  trunk:
    - Alamofire
    - KDCalendar
    - MMKV

EXTERNAL SOURCES:
  ELSDK:
    :path: "../"

SPEC CHECKSUMS:
  Alamofire: 85e8a02c69d6020a0d734f6054870d7ecb75cf18
  ELSDK: 3b33630c6bf7127c181feb6c00c823ee4e5a2e5f
  KDCalendar: 114f8d2dd091608c2d8db7d5783c96a4c4a60398
  MMKV: 031ae51aedc0af1b250922f7ed8a6b6ee2f94c4c

PODFILE CHECKSUM: 5d108d14f45b2bb36a4c60c5b11d807e181769d9

COCOAPODS: 1.8.4
