PODS:
  - Alamofire (4.9.1)
  - ELSDK (2.0.2):
    - Alamofire
    - KDCalendar
  - KDCalendar (1.8.2):
    - KDCalendar/EventManager (= 1.8.2)
  - KDCalendar/EventManager (1.8.2)

DEPENDENCIES:
  - ELSDK (from `../`)

SPEC REPOS:
  trunk:
    - Alamofire
    - KDCalendar

EXTERNAL SOURCES:
  ELSDK:
    :path: "../"

SPEC CHECKSUMS:
  Alamofire: 85e8a02c69d6020a0d734f6054870d7ecb75cf18
  ELSDK: eb1f1779f631435df5bd1d7dbb3bcc8934b2afeb
  KDCalendar: 114f8d2dd091608c2d8db7d5783c96a4c4a60398

PODFILE CHECKSUM: fc6135425f84a12fba9eb6c66a74b25ea7131d04

COCOAPODS: 1.8.4
